
Microsoft Visual Studio Solution File, Format Version 12.00
# Visual Studio 2012
Project("{FAE04EC0-301F-11D3-BF4B-00C04F79EFBC}") = "SampleAsyncPartialViews", "SampleAsyncPartialViews\SampleAsyncPartialViews.csproj", "{EF04DF11-A51F-4962-878A-8458C08B0712}"
EndProject
Project("{2150E333-8FDC-42A3-9474-1A3956D46DE8}") = ".nuget", ".nuget", "{4B813662-FE27-419F-A7F2-01C94748510F}"
	ProjectSection(SolutionItems) = preProject
		.nuget\NuGet.Config = .nuget\NuGet.Config
		.nuget\NuGet.exe = .nuget\NuGet.exe
		.nuget\NuGet.targets = .nuget\NuGet.targets
	EndProjectSection
EndProject
Global
	GlobalSection(SolutionConfigurationPlatforms) = preSolution
		Debug|Any CPU = Debug|Any CPU
		Release|Any CPU = Release|Any CPU
	EndGlobalSection
	GlobalSection(ProjectConfigurationPlatforms) = postSolution
		{EF04DF11-A51F-4962-878A-8458C08B0712}.Debug|Any CPU.ActiveCfg = Debug|Any CPU
		{EF04DF11-A51F-4962-878A-8458C08B0712}.Debug|Any CPU.Build.0 = Debug|Any CPU
		{EF04DF11-A51F-4962-878A-8458C08B0712}.Release|Any CPU.ActiveCfg = Release|Any CPU
		{EF04DF11-A51F-4962-878A-8458C08B0712}.Release|Any CPU.Build.0 = Release|Any CPU
	EndGlobalSection
	GlobalSection(SolutionProperties) = preSolution
		HideSolutionNode = FALSE
	EndGlobalSection
EndGlobal
